PODS:
  - AliPlayerSDK_iOS (4.7.1):
    - AliPlayerSDK_iOS/AliPlayerSDK (= 4.7.1)
  - AliPlayerSDK_iOS/AliPlayerSDK (4.7.1)

DEPENDENCIES:
  - AliPlayerSDK_iOS

SPEC REPOS:
  trunk:
    - AliPlayerSDK_iOS

SPEC CHECKSUMS:
  AliPlayerSDK_iOS: 8f35af9bcfb0a271d720af092ac2eb1ca49d615c

PODFILE CHECKSUM: 3d91cc7113fbdbc1e2375e446ed61d8c03e85ffb

COCOAPODS: 1.8.0
